
Microsoft Visual Studio Solution File, Format Version 12.00
# Visual Studio Version 17
VisualStudioVersion = 17.11.35222.181
MinimumVisualStudioVersion = 10.0.40219.1
Project("{8BC9CEB8-8B4A-11D0-8D11-00A0C91BC942}") = "task1_string", "task1_string\task1_string.vcxproj", "{F7090A9D-4547-4FA1-BEC4-52AE86802647}"
EndProject
Project("{8BC9CEB8-8B4A-11D0-8D11-00A0C91BC942}") = "task1_string_test", "task1_string_test\task1_string_test.vcxproj", "{024A324F-22B9-4886-8ECF-C4D7433C4B29}"
EndProject
Global
	GlobalSection(SolutionConfigurationPlatforms) = preSolution
		Debug|x64 = Debug|x64
		Debug|x86 = Debug|x86
		Release|x64 = Release|x64
		Release|x86 = Release|x86
	EndGlobalSection
	GlobalSection(ProjectConfigurationPlatforms) = postSolution
		{F7090A9D-4547-4FA1-BEC4-52AE86802647}.Debug|x64.ActiveCfg = Debug|x64
		{F7090A9D-4547-4FA1-BEC4-52AE86802647}.Debug|x64.Build.0 = Debug|x64
		{F7090A9D-4547-4FA1-BEC4-52AE86802647}.Debug|x86.ActiveCfg = Debug|Win32
		{F7090A9D-4547-4FA1-BEC4-52AE86802647}.Debug|x86.Build.0 = Debug|Win32
		{F7090A9D-4547-4FA1-BEC4-52AE86802647}.Release|x64.ActiveCfg = Release|x64
		{F7090A9D-4547-4FA1-BEC4-52AE86802647}.Release|x64.Build.0 = Release|x64
		{F7090A9D-4547-4FA1-BEC4-52AE86802647}.Release|x86.ActiveCfg = Release|Win32
		{F7090A9D-4547-4FA1-BEC4-52AE86802647}.Release|x86.Build.0 = Release|Win32
		{024A324F-22B9-4886-8ECF-C4D7433C4B29}.Debug|x64.ActiveCfg = Debug|x64
		{024A324F-22B9-4886-8ECF-C4D7433C4B29}.Debug|x64.Build.0 = Debug|x64
		{024A324F-22B9-4886-8ECF-C4D7433C4B29}.Debug|x86.ActiveCfg = Debug|Win32
		{024A324F-22B9-4886-8ECF-C4D7433C4B29}.Debug|x86.Build.0 = Debug|Win32
		{024A324F-22B9-4886-8ECF-C4D7433C4B29}.Release|x64.ActiveCfg = Release|x64
		{024A324F-22B9-4886-8ECF-C4D7433C4B29}.Release|x64.Build.0 = Release|x64
		{024A324F-22B9-4886-8ECF-C4D7433C4B29}.Release|x86.ActiveCfg = Release|Win32
		{024A324F-22B9-4886-8ECF-C4D7433C4B29}.Release|x86.Build.0 = Release|Win32
	EndGlobalSection
	GlobalSection(SolutionProperties) = preSolution
		HideSolutionNode = FALSE
	EndGlobalSection
	GlobalSection(ExtensibilityGlobals) = postSolution
		SolutionGuid = {E77CACF8-67C4-48A8-B6C8-839607BF9CA1}
	EndGlobalSection
EndGlobal
